{
  "name": "simple",
  "version": "0.1.0",
  "lockfileVersion": 1,
  "requires": true,
  "dependencies": {
    "@algolia/cache-browser-local-storage": {
      "version": "4.8.3",
      "resolved": "https://registry.npmjs.org/@algolia/cache-browser-local-storage/-/cache-browser-local-storage-4.8.3.tgz",
      "integrity": "sha512-Cwc03hikHSUI+xvgUdN+H+f6jFyoDsC9fegzXzJ2nPn1YSN9EXzDMBnbrgl0sbl9iLGXe0EIGMYqR2giCv1wMQ==",
      "requires": {
        "@algolia/cache-common": "4.8.3"
      }
    },
    "@algolia/cache-common": {
      "version": "4.8.3",
      "resolved": "https://registry.npmjs.org/@algolia/cache-common/-/cache-common-4.8.3.tgz",
      "integrity": "sha512-Cf7zZ2i6H+tLSBTkFePHhYvlgc9fnMPKsF9qTmiU38kFIGORy/TN2Fx5n1GBuRLIzaSXvcf+oHv1HvU0u1gE1g=="
    },
    "@algolia/cache-in-memory": {
      "version": "4.8.3",
      "resolved": "https://registry.npmjs.org/@algolia/cache-in-memory/-/cache-in-memory-4.8.3.tgz",
      "integrity": "sha512-+N7tkvmijXiDy2E7u1mM73AGEgGPWFmEmPeJS96oT46I98KXAwVPNYbcAqBE79YlixdXpkYJk41cFcORzNh+Iw==",
      "requires": {
        "@algolia/cache-common": "4.8.3"
      }
    },
    "@algolia/client-account": {
      "version": "4.8.3",
      "resolved": "https://registry.npmjs.org/@algolia/client-account/-/client-account-4.8.3.tgz",
      "integrity": "sha512-Uku8LqnXBwfDCtsTCDYTUOz2/2oqcAQCKgaO0uGdIR8DTQENBXFQvzziambHdn9KuFuY+6Et9k1+cjpTPBDTBg==",
      "requires": {
        "@algolia/client-common": "4.8.3",
        "@algolia/client-search": "4.8.3",
        "@algolia/transporter": "4.8.3"
      }
    },
    "@algolia/client-analytics": {
      "version": "4.8.3",
      "resolved": "https://registry.npmjs.org/@algolia/client-analytics/-/client-analytics-4.8.3.tgz",
      "integrity": "sha512-9ensIWmjYJprZ+YjAVSZdWUG05xEnbytENXp508X59tf34IMIX8BR2xl0RjAQODtxBdAteGxuKt5THX6U9tQLA==",
      "requires": {
        "@algolia/client-common": "4.8.3",
        "@algolia/client-search": "4.8.3",
        "@algolia/requester-common": "4.8.3",
        "@algolia/transporter": "4.8.3"
      }
    },
    "@algolia/client-common": {
      "version": "4.8.3",
      "resolved": "https://registry.npmjs.org/@algolia/client-common/-/client-common-4.8.3.tgz",
      "integrity": "sha512-TU3623AEFAWUQlDTznkgAMSYo8lfS9pNs5QYDQzkvzWdqK0GBDWthwdRfo9iIsfxiR9qdCMHqwEu+AlZMVhNSA==",
      "requires": {
        "@algolia/requester-common": "4.8.3",
        "@algolia/transporter": "4.8.3"
      }
    },
    "@algolia/client-recommendation": {
      "version": "4.8.3",
      "resolved": "https://registry.npmjs.org/@algolia/client-recommendation/-/client-recommendation-4.8.3.tgz",
      "integrity": "sha512-qysGbmkcc6Agt29E38KWJq9JuxjGsyEYoKuX9K+P5HyQh08yR/BlRYrA8mB7vT/OIUHRGFToGO6Vq/rcg0NIOQ==",
      "requires": {
        "@algolia/client-common": "4.8.3",
        "@algolia/requester-common": "4.8.3",
        "@algolia/transporter": "4.8.3"
      }
    },
    "@algolia/client-search": {
      "version": "4.8.3",
      "resolved": "https://registry.npmjs.org/@algolia/client-search/-/client-search-4.8.3.tgz",
      "integrity": "sha512-rAnvoy3GAhbzOQVniFcKVn1eM2NX77LearzYNCbtFrFYavG+hJI187bNVmajToiuGZ10FfJvK99X2OB1AzzezQ==",
      "requires": {
        "@algolia/client-common": "4.8.3",
        "@algolia/requester-common": "4.8.3",
        "@algolia/transporter": "4.8.3"
      }
    },
    "@algolia/logger-common": {
      "version": "4.8.3",
      "resolved": "https://registry.npmjs.org/@algolia/logger-common/-/logger-common-4.8.3.tgz",
      "integrity": "sha512-03wksHRbhl2DouEKnqWuUb64s1lV6kDAAabMCQ2Du1fb8X/WhDmxHC4UXMzypeOGlH5BZBsgVwSB7vsZLP3MZg=="
    },
    "@algolia/logger-console": {
      "version": "4.8.3",
      "resolved": "https://registry.npmjs.org/@algolia/logger-console/-/logger-console-4.8.3.tgz",
      "integrity": "sha512-Npt+hI4UF8t3TLMluL5utr9Gc11BjL5kDnGZOhDOAz5jYiSO2nrHMFmnpLT4Cy/u7a5t7EB5dlypuC4/AGStkA==",
      "requires": {
        "@algolia/logger-common": "4.8.3"
      }
    },
    "@algolia/requester-browser-xhr": {
      "version": "4.8.3",
      "resolved": "https://registry.npmjs.org/@algolia/requester-browser-xhr/-/requester-browser-xhr-4.8.3.tgz",
      "integrity": "sha512-/LTTIpgEmEwkyhn8yXxDdBWqXqzlgw5w2PtTpIwkSlP2/jDwdR/9w1TkFzhNbJ81ki6LAEQM5mSwoTTnbIIecg==",
      "requires": {
        "@algolia/requester-common": "4.8.3"
      }
    },
    "@algolia/requester-common": {
      "version": "4.8.3",
      "resolved": "https://registry.npmjs.org/@algolia/requester-common/-/requester-common-4.8.3.tgz",
      "integrity": "sha512-+Yo9vBkofoKR1SCqqtMnmnfq9yt/BiaDewY/6bYSMNxSYCnu2Fw1JKSIaf/4zos09PMSsxGpLohZwGas3+0GDQ=="
    },
    "@algolia/requester-node-http": {
      "version": "4.8.3",
      "resolved": "https://registry.npmjs.org/@algolia/requester-node-http/-/requester-node-http-4.8.3.tgz",
      "integrity": "sha512-k2fiKIeMIFqgC01FnzII6kqC2GQBAfbNaUX4k7QCPa6P8t4sp2xE6fImOUiztLnnL3C9X9ZX6Fw3L+cudi7jvQ==",
      "requires": {
        "@algolia/requester-common": "4.8.3"
      }
    },
    "@algolia/transporter": {
      "version": "4.8.3",
      "resolved": "https://registry.npmjs.org/@algolia/transporter/-/transporter-4.8.3.tgz",
      "integrity": "sha512-nU7fy2iU8snxATlsks0MjMyv97QJWQmOVwTjDc+KZ4+nue8CLcgm4LA4dsTBqvxeCQIoEtt3n72GwXcaqiJSjQ==",
      "requires": {
        "@algolia/cache-common": "4.8.3",
        "@algolia/logger-common": "4.8.3",
        "@algolia/requester-common": "4.8.3"
      }
    },
    "@babel/runtime": {
      "version": "7.12.5",
      "resolved": "https://registry.npmjs.org/@babel/runtime/-/runtime-7.12.5.tgz",
      "integrity": "sha512-plcc+hbExy3McchJCEQG3knOsuh3HH+Prx1P6cLIkET/0dLuQDEnrT+s27Axgc9bqfsmNUNHfscgMUdBpC9xfg==",
      "requires": {
        "regenerator-runtime": "^0.13.4"
      }
    },
    "@next/env": {
      "version": "12.1.0",
      "resolved": "https://registry.npmjs.org/@next/env/-/env-12.1.0.tgz",
      "integrity": "sha512-nrIgY6t17FQ9xxwH3jj0a6EOiQ/WDHUos35Hghtr+SWN/ntHIQ7UpuvSi0vaLzZVHQWaDupKI+liO5vANcDeTQ=="
    },
    "@next/swc-android-arm64": {
      "version": "12.1.0",
      "resolved": "https://registry.npmjs.org/@next/swc-android-arm64/-/swc-android-arm64-12.1.0.tgz",
      "integrity": "sha512-/280MLdZe0W03stA69iL+v6I+J1ascrQ6FrXBlXGCsGzrfMaGr7fskMa0T5AhQIVQD4nA/46QQWxG//DYuFBcA==",
      "optional": true
    },
    "@next/swc-darwin-arm64": {
      "version": "12.1.0",
      "resolved": "https://registry.npmjs.org/@next/swc-darwin-arm64/-/swc-darwin-arm64-12.1.0.tgz",
      "integrity": "sha512-R8vcXE2/iONJ1Unf5Ptqjk6LRW3bggH+8drNkkzH4FLEQkHtELhvcmJwkXcuipyQCsIakldAXhRbZmm3YN1vXg==",
      "optional": true
    },
    "@next/swc-darwin-x64": {
      "version": "12.1.0",
      "resolved": "https://registry.npmjs.org/@next/swc-darwin-x64/-/swc-darwin-x64-12.1.0.tgz",
      "integrity": "sha512-ieAz0/J0PhmbZBB8+EA/JGdhRHBogF8BWaeqR7hwveb6SYEIJaDNQy0I+ZN8gF8hLj63bEDxJAs/cEhdnTq+ug==",
      "optional": true
    },
    "@next/swc-linux-arm-gnueabihf": {
      "version": "12.1.0",
      "resolved": "https://registry.npmjs.org/@next/swc-linux-arm-gnueabihf/-/swc-linux-arm-gnueabihf-12.1.0.tgz",
      "integrity": "sha512-njUd9hpl6o6A5d08dC0cKAgXKCzm5fFtgGe6i0eko8IAdtAPbtHxtpre3VeSxdZvuGFh+hb0REySQP9T1ttkog==",
      "optional": true
    },
    "@next/swc-linux-arm64-gnu": {
      "version": "12.1.0",
      "resolved": "https://registry.npmjs.org/@next/swc-linux-arm64-gnu/-/swc-linux-arm64-gnu-12.1.0.tgz",
      "integrity": "sha512-OqangJLkRxVxMhDtcb7Qn1xjzFA3s50EIxY7mljbSCLybU+sByPaWAHY4px97ieOlr2y4S0xdPKkQ3BCAwyo6Q==",
      "optional": true
    },
    "@next/swc-linux-arm64-musl": {
      "version": "12.1.0",
      "resolved": "https://registry.npmjs.org/@next/swc-linux-arm64-musl/-/swc-linux-arm64-musl-12.1.0.tgz",
      "integrity": "sha512-hB8cLSt4GdmOpcwRe2UzI5UWn6HHO/vLkr5OTuNvCJ5xGDwpPXelVkYW/0+C3g5axbDW2Tym4S+MQCkkH9QfWA==",
      "optional": true
    },
    "@next/swc-linux-x64-gnu": {
      "version": "12.1.0",
      "resolved": "https://registry.npmjs.org/@next/swc-linux-x64-gnu/-/swc-linux-x64-gnu-12.1.0.tgz",
      "integrity": "sha512-OKO4R/digvrVuweSw/uBM4nSdyzsBV5EwkUeeG4KVpkIZEe64ZwRpnFB65bC6hGwxIBnTv5NMSnJ+0K/WmG78A==",
      "optional": true
    },
    "@next/swc-linux-x64-musl": {
      "version": "12.1.0",
      "resolved": "https://registry.npmjs.org/@next/swc-linux-x64-musl/-/swc-linux-x64-musl-12.1.0.tgz",
      "integrity": "sha512-JohhgAHZvOD3rQY7tlp7NlmvtvYHBYgY0x5ZCecUT6eCCcl9lv6iV3nfu82ErkxNk1H893fqH0FUpznZ/H3pSw==",
      "optional": true
    },
    "@next/swc-win32-arm64-msvc": {
      "version": "12.1.0",
      "resolved": "https://registry.npmjs.org/@next/swc-win32-arm64-msvc/-/swc-win32-arm64-msvc-12.1.0.tgz",
      "integrity": "sha512-T/3gIE6QEfKIJ4dmJk75v9hhNiYZhQYAoYm4iVo1TgcsuaKLFa+zMPh4056AHiG6n9tn2UQ1CFE8EoybEsqsSw==",
      "optional": true
    },
    "@next/swc-win32-ia32-msvc": {
      "version": "12.1.0",
      "resolved": "https://registry.npmjs.org/@next/swc-win32-ia32-msvc/-/swc-win32-ia32-msvc-12.1.0.tgz",
      "integrity": "sha512-iwnKgHJdqhIW19H9PRPM9j55V6RdcOo6rX+5imx832BCWzkDbyomWnlzBfr6ByUYfhohb8QuH4hSGEikpPqI0Q==",
      "optional": true
    },
    "@next/swc-win32-x64-msvc": {
      "version": "12.1.0",
      "resolved": "https://registry.npmjs.org/@next/swc-win32-x64-msvc/-/swc-win32-x64-msvc-12.1.0.tgz",
      "integrity": "sha512-aBvcbMwuanDH4EMrL2TthNJy+4nP59Bimn8egqv6GHMVj0a44cU6Au4PjOhLNqEh9l+IpRGBqMTzec94UdC5xg==",
      "optional": true
    },
    "@types/algoliasearch": {
      "version": "3.34.11",
      "resolved": "https://registry.npmjs.org/@types/algoliasearch/-/algoliasearch-3.34.11.tgz",
      "integrity": "sha512-FFMbpmXCHcgbypnOUY98SDEoiLc2bXO51gxgX02ypb8srZZnZCPV/8VKknuEtgr1VkgYLrqLi5BoYzZRVni6Fw==",
      "dev": true
    },
    "@types/algoliasearch-helper": {
      "version": "2.26.1",
      "resolved": "https://registry.npmjs.org/@types/algoliasearch-helper/-/algoliasearch-helper-2.26.1.tgz",
      "integrity": "sha512-JN1wq/yLxxBcc6MeSe57F9Aqv8wL964L0nBOUTSQ5OECzWxaECuGYV06VnGKn/c+9AGB97RAgqx2PUbYflZNqA==",
      "dev": true,
      "requires": {
        "@types/algoliasearch": "*"
      }
    },
    "@types/node": {
      "version": "14.14.13",
      "resolved": "https://registry.npmjs.org/@types/node/-/node-14.14.13.tgz",
      "integrity": "sha512-vbxr0VZ8exFMMAjCW8rJwaya0dMCDyYW2ZRdTyjtrCvJoENMpdUHOT/eTzvgyA5ZnqRZ/sI0NwqAxNHKYokLJQ==",
      "dev": true
    },
    "@types/prop-types": {
      "version": "15.7.3",
      "resolved": "https://registry.npmjs.org/@types/prop-types/-/prop-types-15.7.3.tgz",
      "integrity": "sha512-KfRL3PuHmqQLOG+2tGpRO26Ctg+Cq1E01D2DMriKEATHgWLfeNDmq9e29Q9WIky0dQ3NPkd1mzYH8Lm936Z9qw==",
      "dev": true
    },
    "@types/react": {
      "version": "17.0.0",
      "resolved": "https://registry.npmjs.org/@types/react/-/react-17.0.0.tgz",
      "integrity": "sha512-aj/L7RIMsRlWML3YB6KZiXB3fV2t41+5RBGYF8z+tAKU43Px8C3cYUZsDvf1/+Bm4FK21QWBrDutu8ZJ/70qOw==",
      "dev": true,
      "requires": {
        "@types/prop-types": "*",
        "csstype": "^3.0.2"
      }
    },
    "@types/react-instantsearch-core": {
      "version": "6.8.0",
      "resolved": "https://registry.npmjs.org/@types/react-instantsearch-core/-/react-instantsearch-core-6.8.0.tgz",
      "integrity": "sha512-rrFgUClvorTiVNWgzuMrkVtyWOS8YGv0SOkimZV9AepaRk5l8xquvoGN34avMVwQZB4Zqww0zvuG4GfzEURfoA==",
      "dev": true,
      "requires": {
        "@types/algoliasearch-helper": "*",
        "@types/react": "*"
      }
    },
    "@types/react-instantsearch-dom": {
      "version": "6.8.0",
      "resolved": "https://registry.npmjs.org/@types/react-instantsearch-dom/-/react-instantsearch-dom-6.8.0.tgz",
      "integrity": "sha512-lFZTk+bGHZFRHP5digHSO0djmm38yPUAYJNz8Lc6HyQ2G/aPtQ/5B0I+r1NvvKMma/hDxtx0pkYINjfE5/5RzA==",
      "dev": true,
      "requires": {
        "@types/react": "*",
        "@types/react-instantsearch-core": "*"
      }
    },
    "algoliasearch": {
      "version": "4.8.3",
      "resolved": "https://registry.npmjs.org/algoliasearch/-/algoliasearch-4.8.3.tgz",
      "integrity": "sha512-pljX9jEE2TQ3i1JayhG8afNdE8UuJg3O9c7unW6QO67yRWCKr6b0t5aKC3hSVtjt7pA2TQXLKoAISb4SHx9ozQ==",
      "requires": {
        "@algolia/cache-browser-local-storage": "4.8.3",
        "@algolia/cache-common": "4.8.3",
        "@algolia/cache-in-memory": "4.8.3",
        "@algolia/client-account": "4.8.3",
        "@algolia/client-analytics": "4.8.3",
        "@algolia/client-common": "4.8.3",
        "@algolia/client-recommendation": "4.8.3",
        "@algolia/client-search": "4.8.3",
        "@algolia/logger-common": "4.8.3",
        "@algolia/logger-console": "4.8.3",
        "@algolia/requester-browser-xhr": "4.8.3",
        "@algolia/requester-common": "4.8.3",
        "@algolia/requester-node-http": "4.8.3",
        "@algolia/transporter": "4.8.3"
      }
    },
    "algoliasearch-helper": {
      "version": "3.3.4",
      "resolved": "https://registry.npmjs.org/algoliasearch-helper/-/algoliasearch-helper-3.3.4.tgz",
      "integrity": "sha512-1Ts2XcgGdjGlDrp3v6zbY8VW+X9+jJ5rBmtPBmXOQLd4b5t/LpJlaBdxoAnlMfVFjywP7KSAdmyFUNNYVHDyRQ==",
      "requires": {
        "events": "^1.1.1"
      },
      "dependencies": {
        "events": {
          "version": "1.1.1",
          "resolved": "https://registry.npmjs.org/events/-/events-1.1.1.tgz",
          "integrity": "sha1-nr23Y1rQmccNzEwqH1AEKI6L2SQ="
        }
      }
    },
    "caniuse-lite": {
      "version": "1.0.30001312",
      "resolved": "https://registry.npmjs.org/caniuse-lite/-/caniuse-lite-1.0.30001312.tgz",
      "integrity": "sha512-Wiz1Psk2MEK0pX3rUzWaunLTZzqS2JYZFzNKqAiJGiuxIjRPLgV6+VDPOg6lQOUxmDwhTlh198JsTTi8Hzw6aQ=="
    },
    "classnames": {
      "version": "2.2.6",
      "resolved": "https://registry.npmjs.org/classnames/-/classnames-2.2.6.tgz",
      "integrity": "sha512-JR/iSQOSt+LQIWwrwEzJ9uk0xfN3mTVYMwt1Ir5mUcSN6pU+V4zQFFaJsclJbPuAUQH+yfWef6tm7l1quW3C8Q=="
    },
    "csstype": {
      "version": "3.0.5",
      "resolved": "https://registry.npmjs.org/csstype/-/csstype-3.0.5.tgz",
      "integrity": "sha512-uVDi8LpBUKQj6sdxNaTetL6FpeCqTjOvAQuQUa/qAqq8oOd4ivkbhgnqayl0dnPal8Tb/yB1tF+gOvCBiicaiQ==",
      "dev": true
    },
    "deepmerge": {
      "version": "4.2.2",
      "resolved": "https://registry.npmjs.org/deepmerge/-/deepmerge-4.2.2.tgz",
      "integrity": "sha512-FJ3UgI4gIl+PHZm53knsuSFpE+nESMr7M4v9QcgB7S63Kj/6WqMiFQJpBBYz1Pt+66bZpP3Q7Lye0Oo9MPKEdg=="
    },
    "hoist-non-react-statics": {
      "version": "3.3.2",
      "resolved": "https://registry.npmjs.org/hoist-non-react-statics/-/hoist-non-react-statics-3.3.2.tgz",
      "integrity": "sha512-/gGivxi8JPKWNm/W0jSmzcMPpfpPLc3dY/6GxhX2hQ9iGj3aDfklV4ET7NjKpSinLpJ5vafa9iiGIEZg10SfBw==",
      "requires": {
        "react-is": "^16.7.0"
      }
    },
    "js-tokens": {
      "version": "4.0.0",
      "resolved": "https://registry.npmjs.org/js-tokens/-/js-tokens-4.0.0.tgz",
      "integrity": "sha512-RdJUflcE3cUzKiMqQgsCu06FPu9UdIJO0beYbPhHN4k6apgJtifcoCtT9bcxOpYBtpD2kCM6Sbzg4CausW/PKQ=="
    },
    "loose-envify": {
      "version": "1.4.0",
      "resolved": "https://registry.npmjs.org/loose-envify/-/loose-envify-1.4.0.tgz",
      "integrity": "sha512-lyuxPGr/Wfhrlem2CL/UcnUc1zcqKAImBDzukY7Y5F/yQiNdko6+fRLevlw1HgMySw7f611UIY408EtxRSoK3Q==",
      "requires": {
        "js-tokens": "^3.0.0 || ^4.0.0"
      }
    },
    "nanoid": {
      "version": "3.3.1",
      "resolved": "https://registry.npmjs.org/nanoid/-/nanoid-3.3.1.tgz",
      "integrity": "sha512-n6Vs/3KGyxPQd6uO0eH4Bv0ojGSUvuLlIHtC3Y0kEO23YRge8H9x1GCzLn28YX0H66pMkxuaeESFq4tKISKwdw=="
    },
    "next": {
      "version": "12.1.0",
      "resolved": "https://registry.npmjs.org/next/-/next-12.1.0.tgz",
      "integrity": "sha512-s885kWvnIlxsUFHq9UGyIyLiuD0G3BUC/xrH0CEnH5lHEWkwQcHOORgbDF0hbrW9vr/7am4ETfX4A7M6DjrE7Q==",
      "requires": {
        "@next/env": "12.1.0",
        "@next/swc-android-arm64": "12.1.0",
        "@next/swc-darwin-arm64": "12.1.0",
        "@next/swc-darwin-x64": "12.1.0",
        "@next/swc-linux-arm-gnueabihf": "12.1.0",
        "@next/swc-linux-arm64-gnu": "12.1.0",
        "@next/swc-linux-arm64-musl": "12.1.0",
        "@next/swc-linux-x64-gnu": "12.1.0",
        "@next/swc-linux-x64-musl": "12.1.0",
        "@next/swc-win32-arm64-msvc": "12.1.0",
        "@next/swc-win32-ia32-msvc": "12.1.0",
        "@next/swc-win32-x64-msvc": "12.1.0",
        "caniuse-lite": "^1.0.30001283",
        "postcss": "8.4.5",
        "styled-jsx": "5.0.0",
        "use-subscription": "1.5.1"
      }
    },
    "next-instantsearch": {
      "version": "0.3.15",
      "resolved": "https://registry.npmjs.org/next-instantsearch/-/next-instantsearch-0.3.15.tgz",
      "integrity": "sha512-kpB1ltvZnsixslJBipCi9i4yHlHT5zTefc7QuHj5NRmfdHnRvVt7R3+LjFZyaUhzehmWesOcFtRAwBdtO2m+tA==",
      "requires": {
        "deepmerge": "^4.2.2",
        "hoist-non-react-statics": "^3.3.2",
        "qs": "^6.9.4"
      }
    },
    "object-assign": {
      "version": "4.1.1",
      "resolved": "https://registry.npmjs.org/object-assign/-/object-assign-4.1.1.tgz",
      "integrity": "sha1-IQmtx5ZYh8/AXLvUQsrIv7s2CGM="
    },
    "picocolors": {
      "version": "1.0.0",
      "resolved": "https://registry.npmjs.org/picocolors/-/picocolors-1.0.0.tgz",
      "integrity": "sha512-1fygroTLlHu66zi26VoTDv8yRgm0Fccecssto+MhsZ0D/DGW2sm8E8AjW7NU5VVTRt5GxbeZ5qBuJr+HyLYkjQ=="
    },
    "postcss": {
      "version": "8.4.5",
      "resolved": "https://registry.npmjs.org/postcss/-/postcss-8.4.5.tgz",
      "integrity": "sha512-jBDboWM8qpaqwkMwItqTQTiFikhs/67OYVvblFFTM7MrZjt6yMKd6r2kgXizEbTTljacm4NldIlZnhbjr84QYg==",
      "requires": {
        "nanoid": "^3.1.30",
        "picocolors": "^1.0.0",
        "source-map-js": "^1.0.1"
      }
    },
    "prop-types": {
      "version": "15.7.2",
      "resolved": "https://registry.npmjs.org/prop-types/-/prop-types-15.7.2.tgz",
      "integrity": "sha512-8QQikdH7//R2vurIJSutZ1smHYTcLpRWEOlHnzcWHmBYrOGUysKwSsrC89BCiFj3CbrfJ/nXFdJepOVrY1GCHQ==",
      "requires": {
        "loose-envify": "^1.4.0",
        "object-assign": "^4.1.1",
        "react-is": "^16.8.1"
      }
    },
    "qs": {
      "version": "6.9.4",
      "resolved": "https://registry.npmjs.org/qs/-/qs-6.9.4.tgz",
      "integrity": "sha512-A1kFqHekCTM7cz0udomYUoYNWjBebHm/5wzU/XqrBRBNWectVH0QIiN+NEcZ0Dte5hvzHwbr8+XQmguPhJ6WdQ=="
    },
    "react": {
      "version": "17.0.1",
      "resolved": "https://registry.npmjs.org/react/-/react-17.0.1.tgz",
      "integrity": "sha512-lG9c9UuMHdcAexXtigOZLX8exLWkW0Ku29qPRU8uhF2R9BN96dLCt0psvzPLlHc5OWkgymP3qwTRgbnw5BKx3w==",
      "requires": {
        "loose-envify": "^1.1.0",
        "object-assign": "^4.1.1"
      }
    },
    "react-dom": {
      "version": "17.0.1",
      "resolved": "https://registry.npmjs.org/react-dom/-/react-dom-17.0.1.tgz",
      "integrity": "sha512-6eV150oJZ9U2t9svnsspTMrWNyHc6chX0KzDeAOXftRa8bNeOKTTfCJ7KorIwenkHd2xqVTBTCZd79yk/lx/Ug==",
      "requires": {
        "loose-envify": "^1.1.0",
        "object-assign": "^4.1.1",
        "scheduler": "^0.20.1"
      }
    },
    "react-fast-compare": {
      "version": "3.2.0",
      "resolved": "https://registry.npmjs.org/react-fast-compare/-/react-fast-compare-3.2.0.tgz",
      "integrity": "sha512-rtGImPZ0YyLrscKI9xTpV8psd6I8VAtjKCzQDlzyDvqJA8XOW78TXYQwNRNd8g8JZnDu8q9Fu/1v4HPAVwVdHA=="
    },
    "react-instantsearch-core": {
      "version": "6.8.2",
      "resolved": "https://registry.npmjs.org/react-instantsearch-core/-/react-instantsearch-core-6.8.2.tgz",
      "integrity": "sha512-UdAjcNIXb2mSECEDS/2XuB4W6rcbnph1NjJBUpY5TLLzSCdKXNTzS2PxF5hkdeuY0L/m/hvDQX6YqxV28PqKLA==",
      "requires": {
        "@babel/runtime": "^7.1.2",
        "algoliasearch-helper": "^3.1.0",
        "prop-types": "^15.5.10",
        "react-fast-compare": "^3.0.0"
      }
    },
    "react-instantsearch-dom": {
      "version": "6.8.2",
      "resolved": "https://registry.npmjs.org/react-instantsearch-dom/-/react-instantsearch-dom-6.8.2.tgz",
      "integrity": "sha512-d6YBsjW/aF3qzul7qqUV/KuzEFPVxlAZm3QhREPqMvOyrPTnG5itZZBLe7sFm9OKJ/8shR4TyNp3hb94as7COg==",
      "requires": {
        "@babel/runtime": "^7.1.2",
        "algoliasearch-helper": "^3.1.0",
        "classnames": "^2.2.5",
        "prop-types": "^15.5.10",
        "react-fast-compare": "^3.0.0",
        "react-instantsearch-core": "^6.8.2"
      }
    },
    "react-is": {
      "version": "16.13.1",
      "resolved": "https://registry.npmjs.org/react-is/-/react-is-16.13.1.tgz",
      "integrity": "sha512-24e6ynE2H+OKt4kqsOvNd8kBpV65zoxbA4BVsEOB3ARVWQki/DHzaUoC5KuON/BiccDaCCTZBuOcfZs70kR8bQ=="
    },
    "regenerator-runtime": {
      "version": "0.13.7",
      "resolved": "https://registry.npmjs.org/regenerator-runtime/-/regenerator-runtime-0.13.7.tgz",
      "integrity": "sha512-a54FxoJDIr27pgf7IgeQGxmqUNYrcV338lf/6gH456HZ/PhX+5BcwHXG9ajESmwe6WRO0tAzRUrRmNONWgkrew=="
    },
    "scheduler": {
      "version": "0.20.1",
      "resolved": "https://registry.npmjs.org/scheduler/-/scheduler-0.20.1.tgz",
      "integrity": "sha512-LKTe+2xNJBNxu/QhHvDR14wUXHRQbVY5ZOYpOGWRzhydZUqrLb2JBvLPY7cAqFmqrWuDED0Mjk7013SZiOz6Bw==",
      "requires": {
        "loose-envify": "^1.1.0",
        "object-assign": "^4.1.1"
      }
    },
    "source-map-js": {
      "version": "1.0.2",
      "resolved": "https://registry.npmjs.org/source-map-js/-/source-map-js-1.0.2.tgz",
      "integrity": "sha512-R0XvVJ9WusLiqTCEiGCmICCMplcCkIwwR11mOSD9CR5u+IXYdiseeEuXCVAjS54zqwkLcPNnmU4OeJ6tUrWhDw=="
    },
    "styled-jsx": {
      "version": "5.0.0",
      "resolved": "https://registry.npmjs.org/styled-jsx/-/styled-jsx-5.0.0.tgz",
      "integrity": "sha512-qUqsWoBquEdERe10EW8vLp3jT25s/ssG1/qX5gZ4wu15OZpmSMFI2v+fWlRhLfykA5rFtlJ1ME8A8pm/peV4WA=="
    },
    "typescript": {
      "version": "4.1.3",
      "resolved": "https://registry.npmjs.org/typescript/-/typescript-4.1.3.tgz",
      "integrity": "sha512-B3ZIOf1IKeH2ixgHhj6la6xdwR9QrLC5d1VKeCSY4tvkqhF2eqd9O7txNlS0PO3GrBAFIdr3L1ndNwteUbZLYg==",
      "dev": true
    },
    "use-subscription": {
      "version": "1.5.1",
      "resolved": "https://registry.npmjs.org/use-subscription/-/use-subscription-1.5.1.tgz",
      "integrity": "sha512-Xv2a1P/yReAjAbhylMfFplFKj9GssgTwN7RlcTxBujFQcloStWNDQdc4g4NRWH9xS4i/FDk04vQBptAXoF3VcA==",
      "requires": {
        "object-assign": "^4.1.1"
      }
    }
  }
}
